
Microsoft Visual Studio Solution File, Format Version 12.00
# Visual Studio 15
Project("{FAE04EC0-301F-11D3-BF4B-00C04F79EFBC}") = "Slotly", "Slotly\Slotly.csproj", "{AF154C11-9021-4988-B0CD-83F0DDE6F2E5}"
EndProject
Global
	GlobalSection(SolutionConfigurationPlatforms) = preSolution
		Debug|Any CPU = Debug|Any CPU
		Release|Any CPU = Release|Any CPU
	EndGlobalSection
	GlobalSection(ProjectConfigurationPlatforms) = postSolution
		{AF154C11-9021-4988-B0CD-83F0DDE6F2E5}.Debug|Any CPU.ActiveCfg = Debug|Any CPU
		{AF154C11-9021-4988-B0CD-83F0DDE6F2E5}.Debug|Any CPU.Build.0 = Debug|Any CPU
		{AF154C11-9021-4988-B0CD-83F0DDE6F2E5}.Release|Any CPU.ActiveCfg = Release|Any CPU
		{AF154C11-9021-4988-B0CD-83F0DDE6F2E5}.Release|Any CPU.Build.0 = Release|Any CPU
	EndGlobalSection
EndGlobal
